PODS:
  - JVConstraintEdges (0.1.8):
    - JVContentType
    - JVSizeable
  - JVContentType (0.1.5)
  - JVSizeable (0.1.0)

DEPENDENCIES:
  - JVConstraintEdges (from `../`)

SPEC REPOS:
  "https://Jasperav@bitbucket.org/Jasperav/specs.git":
    - JVContentType
    - JVSizeable

EXTERNAL SOURCES:
  JVConstraintEdges:
    :path: "../"

SPEC CHECKSUMS:
  JVConstraintEdges: f896b50f5088f2e5b2f4d19277dd4c19d4b3216d
  JVContentType: e62e3eca7b5d701f344e9a7116fc1ec3213b9d0c
  JVSizeable: 1252e6b1bed411b3fc34f6119d8eaf6803876cd3

PODFILE CHECKSUM: a06e89ef11bc96b48477edc8b56f9e4e49c7f8d4

COCOAPODS: 1.6.0.beta.1
