PODS:
  - JVConstraintEdges (0.3.3):
    - JVContentType
    - JVDebugProcessorMacros
  - JVContentType (0.1.7)
  - JVDebugProcessorMacros (0.1.0)

DEPENDENCIES:
  - JVConstraintEdges (from `../`)

SPEC REPOS:
  "https://Jasperav@bitbucket.org/Jasperav/specs.git":
    - JVContentType
    - JVDebugProcessorMacros

EXTERNAL SOURCES:
  JVConstraintEdges:
    :path: "../"

SPEC CHECKSUMS:
  JVConstraintEdges: 56ac0876cbc713345c4237ed92b83520a2b03b9e
  JVContentType: bf617302d029baefccde48eb79edc7634fd15f55
  JVDebugProcessorMacros: 5df41f5660e5d5212c1d4c96fc0caa0800d77311

PODFILE CHECKSUM: a06e89ef11bc96b48477edc8b56f9e4e49c7f8d4

COCOAPODS: 1.6.1
